// !$*UTF8*$!
{
	archiveVersion = 1;
	classes = {
	};
	objectVersion = 56;
	objects = {

/* Begin PBXBuildFile section */
		667867302A02A215001F3E2D /* AppDelegate.swift in Sources */ = {isa = PBXBuildFile; fileRef = 6678672F2A02A215001F3E2D /* AppDelegate.swift */; };
		667867322A02A215001F3E2D /* SceneDelegate.swift in Sources */ = {isa = PBXBuildFile; fileRef = 667867312A02A215001F3E2D /* SceneDelegate.swift */; };
		667867342A02A215001F3E2D /* SberViewController.swift in Sources */ = {isa = PBXBuildFile; fileRef = 667867332A02A215001F3E2D /* SberViewController.swift */; };
		667867372A02A215001F3E2D /* Main.storyboard in Resources */ = {isa = PBXBuildFile; fileRef = 667867352A02A215001F3E2D /* Main.storyboard */; };
		667867392A02A215001F3E2D /* Assets.xcassets in Resources */ = {isa = PBXBuildFile; fileRef = 667867382A02A215001F3E2D /* Assets.xcassets */; };
		6678673C2A02A215001F3E2D /* LaunchScreen.storyboard in Resources */ = {isa = PBXBuildFile; fileRef = 6678673A2A02A215001F3E2D /* LaunchScreen.storyboard */; };
		667867472A02A738001F3E2D /* ButtonCell.xib in Resources */ = {isa = PBXBuildFile; fileRef = 667867462A02A738001F3E2D /* ButtonCell.xib */; };
		667867492A02A926001F3E2D /* ButtonCollectionViewCell.swift in Sources */ = {isa = PBXBuildFile; fileRef = 667867482A02A926001F3E2D /* ButtonCollectionViewCell.swift */; };
		6678674B2A02AEDD001F3E2D /* CommonCell.xib in Resources */ = {isa = PBXBuildFile; fileRef = 6678674A2A02AEDD001F3E2D /* CommonCell.xib */; };
		6678674D2A02B108001F3E2D /* CommonCollectionView.swift in Sources */ = {isa = PBXBuildFile; fileRef = 6678674C2A02B108001F3E2D /* CommonCollectionView.swift */; };
/* End PBXBuildFile section */

/* Begin PBXFileReference section */
		6678672C2A02A215001F3E2D /* SberCollectionView.app */ = {isa = PBXFileReference; explicitFileType = wrapper.application; includeInIndex = 0; path = SberCollectionView.app; sourceTree = BUILT_PRODUCTS_DIR; };
		6678672F2A02A215001F3E2D /* AppDelegate.swift */ = {isa = PBXFileReference; lastKnownFileType = sourcecode.swift; path = AppDelegate.swift; sourceTree = "<group>"; };
		667867312A02A215001F3E2D /* SceneDelegate.swift */ = {isa = PBXFileReference; lastKnownFileType = sourcecode.swift; path = SceneDelegate.swift; sourceTree = "<group>"; };
		667867332A02A215001F3E2D /* SberViewController.swift */ = {isa = PBXFileReference; lastKnownFileType = sourcecode.swift; path = SberViewController.swift; sourceTree = "<group>"; };
		667867362A02A215001F3E2D /* Base */ = {isa = PBXFileReference; lastKnownFileType = file.storyboard; name = Base; path = Base.lproj/Main.storyboard; sourceTree = "<group>"; };
		667867382A02A215001F3E2D /* Assets.xcassets */ = {isa = PBXFileReference; lastKnownFileType = folder.assetcatalog; path = Assets.xcassets; sourceTree = "<group>"; };
		6678673B2A02A215001F3E2D /* Base */ = {isa = PBXFileReference; lastKnownFileType = file.storyboard; name = Base; path = Base.lproj/LaunchScreen.storyboard; sourceTree = "<group>"; };
		6678673D2A02A215001F3E2D /* Info.plist */ = {isa = PBXFileReference; lastKnownFileType = text.plist.xml; path = Info.plist; sourceTree = "<group>"; };
		667867462A02A738001F3E2D /* ButtonCell.xib */ = {isa = PBXFileReference; lastKnownFileType = file.xib; path = ButtonCell.xib; sourceTree = "<group>"; };
		667867482A02A926001F3E2D /* ButtonCollectionViewCell.swift */ = {isa = PBXFileReference; lastKnownFileType = sourcecode.swift; path = ButtonCollectionViewCell.swift; sourceTree = "<group>"; };
		6678674A2A02AEDD001F3E2D /* CommonCell.xib */ = {isa = PBXFileReference; lastKnownFileType = file.xib; path = CommonCell.xib; sourceTree = "<group>"; };
		6678674C2A02B108001F3E2D /* CommonCollectionView.swift */ = {isa = PBXFileReference; lastKnownFileType = sourcecode.swift; path = CommonCollectionView.swift; sourceTree = "<group>"; };
/* End PBXFileReference section */

/* Begin PBXFrameworksBuildPhase section */
		667867292A02A215001F3E2D /* Frameworks */ = {
			isa = PBXFrameworksBuildPhase;
			buildActionMask = 2147483647;
			files = (
			);
			runOnlyForDeploymentPostprocessing = 0;
		};
/* End PBXFrameworksBuildPhase section */

/* Begin PBXGroup section */
		667867232A02A214001F3E2D = {
			isa = PBXGroup;
			children = (
				6678672E2A02A215001F3E2D /* SberCollectionView */,
				6678672D2A02A215001F3E2D /* Products */,
			);
			sourceTree = "<group>";
		};
		6678672D2A02A215001F3E2D /* Products */ = {
			isa = PBXGroup;
			children = (
				6678672C2A02A215001F3E2D /* SberCollectionView.app */,
			);
			name = Products;
			sourceTree = "<group>";
		};
		6678672E2A02A215001F3E2D /* SberCollectionView */ = {
			isa = PBXGroup;
			children = (
				6678674E2A02B983001F3E2D /* Application */,
				667867502A02B9BA001F3E2D /* ViewControllers */,
				667867432A02A6CF001F3E2D /* Views */,
				6678674F2A02B997001F3E2D /* Storyboards */,
				667867512A02B9CB001F3E2D /* Resources */,
			);
			path = SberCollectionView;
			sourceTree = "<group>";
		};
		667867432A02A6CF001F3E2D /* Views */ = {
			isa = PBXGroup;
			children = (
				667867462A02A738001F3E2D /* ButtonCell.xib */,
				667867482A02A926001F3E2D /* ButtonCollectionViewCell.swift */,
				6678674A2A02AEDD001F3E2D /* CommonCell.xib */,
				6678674C2A02B108001F3E2D /* CommonCollectionView.swift */,
			);
			path = Views;
			sourceTree = "<group>";
		};
		6678674E2A02B983001F3E2D /* Application */ = {
			isa = PBXGroup;
			children = (
				6678672F2A02A215001F3E2D /* AppDelegate.swift */,
				667867312A02A215001F3E2D /* SceneDelegate.swift */,
				6678673D2A02A215001F3E2D /* Info.plist */,
			);
			path = Application;
			sourceTree = "<group>";
		};
		6678674F2A02B997001F3E2D /* Storyboards */ = {
			isa = PBXGroup;
			children = (
				667867352A02A215001F3E2D /* Main.storyboard */,
				6678673A2A02A215001F3E2D /* LaunchScreen.storyboard */,
			);
			path = Storyboards;
			sourceTree = "<group>";
		};
		667867502A02B9BA001F3E2D /* ViewControllers */ = {
			isa = PBXGroup;
			children = (
				667867332A02A215001F3E2D /* SberViewController.swift */,
			);
			path = ViewControllers;
			sourceTree = "<group>";
		};
		667867512A02B9CB001F3E2D /* Resources */ = {
			isa = PBXGroup;
			children = (
				667867382A02A215001F3E2D /* Assets.xcassets */,
			);
			path = Resources;
			sourceTree = "<group>";
		};
/* End PBXGroup section */

/* Begin PBXNativeTarget section */
		6678672B2A02A215001F3E2D /* SberCollectionView */ = {
			isa = PBXNativeTarget;
			buildConfigurationList = 667867402A02A215001F3E2D /* Build configuration list for PBXNativeTarget "SberCollectionView" */;
			buildPhases = (
				667867282A02A215001F3E2D /* Sources */,
				667867292A02A215001F3E2D /* Frameworks */,
				6678672A2A02A215001F3E2D /* Resources */,
			);
			buildRules = (
			);
			dependencies = (
			);
			name = SberCollectionView;
			productName = SberCollectionView;
			productReference = 6678672C2A02A215001F3E2D /* SberCollectionView.app */;
			productType = "com.apple.product-type.application";
		};
/* End PBXNativeTarget section */

/* Begin PBXProject section */
		667867242A02A214001F3E2D /* Project object */ = {
			isa = PBXProject;
			attributes = {
				BuildIndependentTargetsInParallel = 1;
				LastSwiftUpdateCheck = 1430;
				LastUpgradeCheck = 1430;
				TargetAttributes = {
					6678672B2A02A215001F3E2D = {
						CreatedOnToolsVersion = 14.3;
					};
				};
			};
			buildConfigurationList = 667867272A02A214001F3E2D /* Build configuration list for PBXProject "SberCollectionView" */;
			compatibilityVersion = "Xcode 14.0";
			developmentRegion = en;
			hasScannedForEncodings = 0;
			knownRegions = (
				en,
				Base,
			);
			mainGroup = 667867232A02A214001F3E2D;
			productRefGroup = 6678672D2A02A215001F3E2D /* Products */;
			projectDirPath = "";
			projectRoot = "";
			targets = (
				6678672B2A02A215001F3E2D /* SberCollectionView */,
			);
		};
/* End PBXProject section */

/* Begin PBXResourcesBuildPhase section */
		6678672A2A02A215001F3E2D /* Resources */ = {
			isa = PBXResourcesBuildPhase;
			buildActionMask = 2147483647;
			files = (
				6678673C2A02A215001F3E2D /* LaunchScreen.storyboard in Resources */,
				667867392A02A215001F3E2D /* Assets.xcassets in Resources */,
				667867372A02A215001F3E2D /* Main.storyboard in Resources */,
				667867472A02A738001F3E2D /* ButtonCell.xib in Resources */,
				6678674B2A02AEDD001F3E2D /* CommonCell.xib in Resources */,
			);
			runOnlyForDeploymentPostprocessing = 0;
		};
/* End PBXResourcesBuildPhase section */

/* Begin PBXSourcesBuildPhase section */
		667867282A02A215001F3E2D /* Sources */ = {
			isa = PBXSourcesBuildPhase;
			buildActionMask = 2147483647;
			files = (
				667867492A02A926001F3E2D /* ButtonCollectionViewCell.swift in Sources */,
				667867342A02A215001F3E2D /* SberViewController.swift in Sources */,
				667867302A02A215001F3E2D /* AppDelegate.swift in Sources */,
				667867322A02A215001F3E2D /* SceneDelegate.swift in Sources */,
				6678674D2A02B108001F3E2D /* CommonCollectionView.swift in Sources */,
			);
			runOnlyForDeploymentPostprocessing = 0;
		};
/* End PBXSourcesBuildPhase section */

/* Begin PBXVariantGroup section */
		667867352A02A215001F3E2D /* Main.storyboard */ = {
			isa = PBXVariantGroup;
			children = (
				667867362A02A215001F3E2D /* Base */,
			);
			name = Main.storyboard;
			sourceTree = "<group>";
		};
		6678673A2A02A215001F3E2D /* LaunchScreen.storyboard */ = {
			isa = PBXVariantGroup;
			children = (
				6678673B2A02A215001F3E2D /* Base */,
			);
			name = LaunchScreen.storyboard;
			sourceTree = "<group>";
		};
/* End PBXVariantGroup section */

/* Begin XCBuildConfiguration section */
		6678673E2A02A215001F3E2D /* Debug */ = {
			isa = XCBuildConfiguration;
			buildSettings = {
				ALWAYS_SEARCH_USER_PATHS = NO;
				CLANG_ANALYZER_NONNULL = YES;
				CLANG_ANALYZER_NUMBER_OBJECT_CONVERSION = YES_AGGRESSIVE;
				CLANG_CXX_LANGUAGE_STANDARD = "gnu++20";
				CLANG_ENABLE_MODULES = YES;
				CLANG_ENABLE_OBJC_ARC = YES;
				CLANG_ENABLE_OBJC_WEAK = YES;
				CLANG_WARN_BLOCK_CAPTURE_AUTORELEASING = YES;
				CLANG_WARN_BOOL_CONVERSION = YES;
				CLANG_WARN_COMMA = YES;
				CLANG_WARN_CONSTANT_CONVERSION = YES;
				CLANG_WARN_DEPRECATED_OBJC_IMPLEMENTATIONS = YES;
				CLANG_WARN_DIRECT_OBJC_ISA_USAGE = YES_ERROR;
				CLANG_WARN_DOCUMENTATION_COMMENTS = YES;
				CLANG_WARN_EMPTY_BODY = YES;
				CLANG_WARN_ENUM_CONVERSION = YES;
				CLANG_WARN_INFINITE_RECURSION = YES;
				CLANG_WARN_INT_CONVERSION = YES;
				CLANG_WARN_NON_LITERAL_NULL_CONVERSION = YES;
				CLANG_WARN_OBJC_IMPLICIT_RETAIN_SELF = YES;
				CLANG_WARN_OBJC_LITERAL_CONVERSION = YES;
				CLANG_WARN_OBJC_ROOT_CLASS = YES_ERROR;
				CLANG_WARN_QUOTED_INCLUDE_IN_FRAMEWORK_HEADER = YES;
				CLANG_WARN_RANGE_LOOP_ANALYSIS = YES;
				CLANG_WARN_STRICT_PROTOTYPES = YES;
				CLANG_WARN_SUSPICIOUS_MOVE = YES;
				CLANG_WARN_UNGUARDED_AVAILABILITY = YES_AGGRESSIVE;
				CLANG_WARN_UNREACHABLE_CODE = YES;
				CLANG_WARN__DUPLICATE_METHOD_MATCH = YES;
				COPY_PHASE_STRIP = NO;
				DEBUG_INFORMATION_FORMAT = dwarf;
				ENABLE_STRICT_OBJC_MSGSEND = YES;
				ENABLE_TESTABILITY = YES;
				GCC_C_LANGUAGE_STANDARD = gnu11;
				GCC_DYNAMIC_NO_PIC = NO;
				GCC_NO_COMMON_BLOCKS = YES;
				GCC_OPTIMIZATION_LEVEL = 0;
				GCC_PREPROCESSOR_DEFINITIONS = (
					"DEBUG=1",
					"$(inherited)",
				);
				GCC_WARN_64_TO_32_BIT_CONVERSION = YES;
				GCC_WARN_ABOUT_RETURN_TYPE = YES_ERROR;
				GCC_WARN_UNDECLARED_SELECTOR = YES;
				GCC_WARN_UNINITIALIZED_AUTOS = YES_AGGRESSIVE;
				GCC_WARN_UNUSED_FUNCTION = YES;
				GCC_WARN_UNUSED_VARIABLE = YES;
				IPHONEOS_DEPLOYMENT_TARGET = 16.4;
				MTL_ENABLE_DEBUG_INFO = INCLUDE_SOURCE;
				MTL_FAST_MATH = YES;
				ONLY_ACTIVE_ARCH = YES;
				SDKROOT = iphoneos;
				SWIFT_ACTIVE_COMPILATION_CONDITIONS = DEBUG;
				SWIFT_OPTIMIZATION_LEVEL = "-Onone";
			};
			name = Debug;
		};
		6678673F2A02A215001F3E2D /* Release */ = {
			isa = XCBuildConfiguration;
			buildSettings = {
				ALWAYS_SEARCH_USER_PATHS = NO;
				CLANG_ANALYZER_NONNULL = YES;
				CLANG_ANALYZER_NUMBER_OBJECT_CONVERSION = YES_AGGRESSIVE;
				CLANG_CXX_LANGUAGE_STANDARD = "gnu++20";
				CLANG_ENABLE_MODULES = YES;
				CLANG_ENABLE_OBJC_ARC = YES;
				CLANG_ENABLE_OBJC_WEAK = YES;
				CLANG_WARN_BLOCK_CAPTURE_AUTORELEASING = YES;
				CLANG_WARN_BOOL_CONVERSION = YES;
				CLANG_WARN_COMMA = YES;
				CLANG_WARN_CONSTANT_CONVERSION = YES;
				CLANG_WARN_DEPRECATED_OBJC_IMPLEMENTATIONS = YES;
				CLANG_WARN_DIRECT_OBJC_ISA_USAGE = YES_ERROR;
				CLANG_WARN_DOCUMENTATION_COMMENTS = YES;
				CLANG_WARN_EMPTY_BODY = YES;
				CLANG_WARN_ENUM_CONVERSION = YES;
				CLANG_WARN_INFINITE_RECURSION = YES;
				CLANG_WARN_INT_CONVERSION = YES;
				CLANG_WARN_NON_LITERAL_NULL_CONVERSION = YES;
				CLANG_WARN_OBJC_IMPLICIT_RETAIN_SELF = YES;
				CLANG_WARN_OBJC_LITERAL_CONVERSION = YES;
				CLANG_WARN_OBJC_ROOT_CLASS = YES_ERROR;
				CLANG_WARN_QUOTED_INCLUDE_IN_FRAMEWORK_HEADER = YES;
				CLANG_WARN_RANGE_LOOP_ANALYSIS = YES;
				CLANG_WARN_STRICT_PROTOTYPES = YES;
				CLANG_WARN_SUSPICIOUS_MOVE = YES;
				CLANG_WARN_UNGUARDED_AVAILABILITY = YES_AGGRESSIVE;
				CLANG_WARN_UNREACHABLE_CODE = YES;
				CLANG_WARN__DUPLICATE_METHOD_MATCH = YES;
				COPY_PHASE_STRIP = NO;
				DEBUG_INFORMATION_FORMAT = "dwarf-with-dsym";
				ENABLE_NS_ASSERTIONS = NO;
				ENABLE_STRICT_OBJC_MSGSEND = YES;
				GCC_C_LANGUAGE_STANDARD = gnu11;
				GCC_NO_COMMON_BLOCKS = YES;
				GCC_WARN_64_TO_32_BIT_CONVERSION = YES;
				GCC_WARN_ABOUT_RETURN_TYPE = YES_ERROR;
				GCC_WARN_UNDECLARED_SELECTOR = YES;
				GCC_WARN_UNINITIALIZED_AUTOS = YES_AGGRESSIVE;
				GCC_WARN_UNUSED_FUNCTION = YES;
				GCC_WARN_UNUSED_VARIABLE = YES;
				IPHONEOS_DEPLOYMENT_TARGET = 16.4;
				MTL_ENABLE_DEBUG_INFO = NO;
				MTL_FAST_MATH = YES;
				SDKROOT = iphoneos;
				SWIFT_COMPILATION_MODE = wholemodule;
				SWIFT_OPTIMIZATION_LEVEL = "-O";
				VALIDATE_PRODUCT = YES;
			};
			name = Release;
		};
		667867412A02A215001F3E2D /* Debug */ = {
			isa = XCBuildConfiguration;
			buildSettings = {
				ASSETCATALOG_COMPILER_APPICON_NAME = AppIcon;
				ASSETCATALOG_COMPILER_GLOBAL_ACCENT_COLOR_NAME = AccentColor;
				CODE_SIGN_STYLE = Automatic;
				CURRENT_PROJECT_VERSION = 1;
				GENERATE_INFOPLIST_FILE = YES;
				INFOPLIST_FILE = SberCollectionView/Application/Info.plist;
				INFOPLIST_KEY_UIApplicationSupportsIndirectInputEvents = YES;
				INFOPLIST_KEY_UILaunchStoryboardName = LaunchScreen;
				INFOPLIST_KEY_UIMainStoryboardFile = Main;
				INFOPLIST_KEY_UISupportedInterfaceOrientations = UIInterfaceOrientationPortrait;
				INFOPLIST_KEY_UISupportedInterfaceOrientations_iPad = "UIInterfaceOrientationLandscapeLeft UIInterfaceOrientationLandscapeRight UIInterfaceOrientationPortrait UIInterfaceOrientationPortraitUpsideDown";
				LD_RUNPATH_SEARCH_PATHS = (
					"$(inherited)",
					"@executable_path/Frameworks",
				);
				MARKETING_VERSION = 1.0;
				PRODUCT_BUNDLE_IDENTIFIER = ru.SberCollectionView;
				PRODUCT_NAME = "$(TARGET_NAME)";
				SUPPORTED_PLATFORMS = "iphoneos iphonesimulator";
				SUPPORTS_MACCATALYST = NO;
				SUPPORTS_MAC_DESIGNED_FOR_IPHONE_IPAD = NO;
				SWIFT_EMIT_LOC_STRINGS = YES;
				SWIFT_VERSION = 5.0;
				TARGETED_DEVICE_FAMILY = 1;
			};
			name = Debug;
		};
		667867422A02A215001F3E2D /* Release */ = {
			isa = XCBuildConfiguration;
			buildSettings = {
				ASSETCATALOG_COMPILER_APPICON_NAME = AppIcon;
				ASSETCATALOG_COMPILER_GLOBAL_ACCENT_COLOR_NAME = AccentColor;
				CODE_SIGN_STYLE = Automatic;
				CURRENT_PROJECT_VERSION = 1;
				GENERATE_INFOPLIST_FILE = YES;
				INFOPLIST_FILE = SberCollectionView/Application/Info.plist;
				INFOPLIST_KEY_UIApplicationSupportsIndirectInputEvents = YES;
				INFOPLIST_KEY_UILaunchStoryboardName = LaunchScreen;
				INFOPLIST_KEY_UIMainStoryboardFile = Main;
				INFOPLIST_KEY_UISupportedInterfaceOrientations = UIInterfaceOrientationPortrait;
				INFOPLIST_KEY_UISupportedInterfaceOrientations_iPad = "UIInterfaceOrientationLandscapeLeft UIInterfaceOrientationLandscapeRight UIInterfaceOrientationPortrait UIInterfaceOrientationPortraitUpsideDown";
				LD_RUNPATH_SEARCH_PATHS = (
					"$(inherited)",
					"@executable_path/Frameworks",
				);
				MARKETING_VERSION = 1.0;
				PRODUCT_BUNDLE_IDENTIFIER = ru.SberCollectionView;
				PRODUCT_NAME = "$(TARGET_NAME)";
				SUPPORTED_PLATFORMS = "iphoneos iphonesimulator";
				SUPPORTS_MACCATALYST = NO;
				SUPPORTS_MAC_DESIGNED_FOR_IPHONE_IPAD = NO;
				SWIFT_EMIT_LOC_STRINGS = YES;
				SWIFT_VERSION = 5.0;
				TARGETED_DEVICE_FAMILY = 1;
			};
			name = Release;
		};
/* End XCBuildConfiguration section */

/* Begin XCConfigurationList section */
		667867272A02A214001F3E2D /* Build configuration list for PBXProject "SberCollectionView" */ = {
			isa = XCConfigurationList;
			buildConfigurations = (
				6678673E2A02A215001F3E2D /* Debug */,
				6678673F2A02A215001F3E2D /* Release */,
			);
			defaultConfigurationIsVisible = 0;
			defaultConfigurationName = Release;
		};
		667867402A02A215001F3E2D /* Build configuration list for PBXNativeTarget "SberCollectionView" */ = {
			isa = XCConfigurationList;
			buildConfigurations = (
				667867412A02A215001F3E2D /* Debug */,
				667867422A02A215001F3E2D /* Release */,
			);
			defaultConfigurationIsVisible = 0;
			defaultConfigurationName = Release;
		};
/* End XCConfigurationList section */
	};
	rootObject = 667867242A02A214001F3E2D /* Project object */;
}
